
Microsoft Visual Studio Solution File, Format Version 12.00
# Visual Studio Version 17
VisualStudioVersion = 17.0.32014.148
MinimumVisualStudioVersion = 10.0.40219.1
Project("{2150E333-8FDC-42A3-9474-1A3956D46DE8}") = "Documentation", "Documentation", "{506DAB34-5942-4477-A09D-CC47E992C730}"
	ProjectSection(SolutionItems) = preProject
		Documentation\GroupInformation.md = Documentation\GroupInformation.md
		Documentation\HtmClassifierUnitTest.txt = Documentation\HtmClassifierUnitTest.txt
	EndProjectSection
EndProject
Project("{FAE04EC0-301F-11D3-BF4B-00C04F79EFBC}") = "UnitTest", "UnitTest\UnitTest.csproj", "{D3AA9010-0624-4FF8-A083-D05BA08BDEFA}"
EndProject
Global
	GlobalSection(SolutionConfigurationPlatforms) = preSolution
		Debug|Any CPU = Debug|Any CPU
		Release|Any CPU = Release|Any CPU
	EndGlobalSection
	GlobalSection(ProjectConfigurationPlatforms) = postSolution
		{D3AA9010-0624-4FF8-A083-D05BA08BDEFA}.Debug|Any CPU.ActiveCfg = Debug|Any CPU
		{D3AA9010-0624-4FF8-A083-D05BA08BDEFA}.Debug|Any CPU.Build.0 = Debug|Any CPU
		{D3AA9010-0624-4FF8-A083-D05BA08BDEFA}.Release|Any CPU.ActiveCfg = Release|Any CPU
		{D3AA9010-0624-4FF8-A083-D05BA08BDEFA}.Release|Any CPU.Build.0 = Release|Any CPU
	EndGlobalSection
	GlobalSection(SolutionProperties) = preSolution
		HideSolutionNode = FALSE
	EndGlobalSection
	GlobalSection(ExtensibilityGlobals) = postSolution
		SolutionGuid = {C048E169-A1CF-4E66-98C0-57A053CCE426}
	EndGlobalSection
EndGlobal
